{
  "name": "apm",
  "version": "0.0.1",
  "lockfileVersion": 2,
  "requires": true,
  "packages": {
    "": {
      "version": "0.0.1",
      "license": "ISC",
      "dependencies": {
        "lean-wrap": "^0.3.4",
        "pico-common": "^0.14.21"
      }
    },
    "node_modules/lean-wrap": {
      "version": "0.3.4",
      "resolved": "https://registry.npmjs.org/lean-wrap/-/lean-wrap-0.3.4.tgz",
      "integrity": "sha512-lu8rDi1U86qsPSnzZ8bT3gNcjrfYC6O98DdC6x4OgyinjFCdsxl+4ZpRocoBZ1q4Ct6TwqpQ0TNv6wcLbwFh2Q=="
    },
    "node_modules/pico-common": {
      "version": "0.14.21",
      "resolved": "https://registry.npmjs.org/pico-common/-/pico-common-0.14.21.tgz",
      "integrity": "sha512-9e3tsZaXDaq14BKlPpyx/jD0fLk1PSF4PJBc2lA6agdzfEyZl+RbMVaiLe7FjpLmdOkz/Lsf1tchDUFU6igcXg==",
      "bin": {
        "pico-common-build": "concat.js"
      }
    }
  },
  "dependencies": {
    "lean-wrap": {
      "version": "0.3.4",
      "resolved": "https://registry.npmjs.org/lean-wrap/-/lean-wrap-0.3.4.tgz",
      "integrity": "sha512-lu8rDi1U86qsPSnzZ8bT3gNcjrfYC6O98DdC6x4OgyinjFCdsxl+4ZpRocoBZ1q4Ct6TwqpQ0TNv6wcLbwFh2Q=="
    },
    "pico-common": {
      "version": "0.14.21",
      "resolved": "https://registry.npmjs.org/pico-common/-/pico-common-0.14.21.tgz",
      "integrity": "sha512-9e3tsZaXDaq14BKlPpyx/jD0fLk1PSF4PJBc2lA6agdzfEyZl+RbMVaiLe7FjpLmdOkz/Lsf1tchDUFU6igcXg=="
    }
  }
}
